
Microsoft Visual Studio Solution File, Format Version 12.00
# Visual Studio Version 16
VisualStudioVersion = 16.0.29201.188
MinimumVisualStudioVersion = 10.0.40219.1
Project("{FAE04EC0-301F-11D3-BF4B-00C04F79EFBC}") = "MsPacmanController", "MsPacmanController\MsPacmanController.csproj", "{0C114809-6EA7-43DE-9E39-8A1D49D6D4E1}"
EndProject
Project("{FAE04EC0-301F-11D3-BF4B-00C04F79EFBC}") = "FeatureExtraction", "FeatureExtraction\FeatureExtraction.csproj", "{2A85AFDD-4459-4D9E-9790-7BA944B558F4}"
EndProject
Project("{FAE04EC0-301F-11D3-BF4B-00C04F79EFBC}") = "PacmanAI", "PacmanAI\PacmanAI.csproj", "{0AD453A1-AF3C-4E0A-98A7-84420CB5B00B}"
EndProject
Project("{FAE04EC0-301F-11D3-BF4B-00C04F79EFBC}") = "Simulator", "Simulator\Simulator.csproj", "{EAAF301D-057D-4E37-954B-F762FECCD3F3}"
EndProject
Project("{FAE04EC0-301F-11D3-BF4B-00C04F79EFBC}") = "ConsoleSim", "ConsoleSim\ConsoleSim.csproj", "{84DF299D-89F2-40FC-9C47-EF45CF06BAA1}"
EndProject
Project("{FAE04EC0-301F-11D3-BF4B-00C04F79EFBC}") = "StateExamine", "StateExamine\StateExamine.csproj", "{DF09FA41-EC88-4AD6-8E59-377E6122A901}"
EndProject
Project("{2150E333-8FDC-42A3-9474-1A3956D46DE8}") = "OtherCode", "OtherCode", "{8B632059-BA40-4400-9C34-70578D7A7C89}"
EndProject
Project("{FAE04EC0-301F-11D3-BF4B-00C04F79EFBC}") = "NeuralNetwork", "OtherCode\NeuralNetwork\NeuralNetwork.csproj", "{D413B39B-88FD-41E2-9CF6-ADABA3E6E4BE}"
EndProject
Global
	GlobalSection(SolutionConfigurationPlatforms) = preSolution
		Debug|Any CPU = Debug|Any CPU
		Release|Any CPU = Release|Any CPU
	EndGlobalSection
	GlobalSection(ProjectConfigurationPlatforms) = postSolution
		{0C114809-6EA7-43DE-9E39-8A1D49D6D4E1}.Debug|Any CPU.ActiveCfg = Debug|Any CPU
		{0C114809-6EA7-43DE-9E39-8A1D49D6D4E1}.Debug|Any CPU.Build.0 = Debug|Any CPU
		{0C114809-6EA7-43DE-9E39-8A1D49D6D4E1}.Release|Any CPU.ActiveCfg = Release|Any CPU
		{0C114809-6EA7-43DE-9E39-8A1D49D6D4E1}.Release|Any CPU.Build.0 = Release|Any CPU
		{2A85AFDD-4459-4D9E-9790-7BA944B558F4}.Debug|Any CPU.ActiveCfg = Debug|Any CPU
		{2A85AFDD-4459-4D9E-9790-7BA944B558F4}.Debug|Any CPU.Build.0 = Debug|Any CPU
		{2A85AFDD-4459-4D9E-9790-7BA944B558F4}.Release|Any CPU.ActiveCfg = Release|Any CPU
		{2A85AFDD-4459-4D9E-9790-7BA944B558F4}.Release|Any CPU.Build.0 = Release|Any CPU
		{0AD453A1-AF3C-4E0A-98A7-84420CB5B00B}.Debug|Any CPU.ActiveCfg = Debug|Any CPU
		{0AD453A1-AF3C-4E0A-98A7-84420CB5B00B}.Debug|Any CPU.Build.0 = Debug|Any CPU
		{0AD453A1-AF3C-4E0A-98A7-84420CB5B00B}.Release|Any CPU.ActiveCfg = Release|Any CPU
		{0AD453A1-AF3C-4E0A-98A7-84420CB5B00B}.Release|Any CPU.Build.0 = Release|Any CPU
		{EAAF301D-057D-4E37-954B-F762FECCD3F3}.Debug|Any CPU.ActiveCfg = Debug|Any CPU
		{EAAF301D-057D-4E37-954B-F762FECCD3F3}.Debug|Any CPU.Build.0 = Debug|Any CPU
		{EAAF301D-057D-4E37-954B-F762FECCD3F3}.Release|Any CPU.ActiveCfg = Release|Any CPU
		{EAAF301D-057D-4E37-954B-F762FECCD3F3}.Release|Any CPU.Build.0 = Release|Any CPU
		{84DF299D-89F2-40FC-9C47-EF45CF06BAA1}.Debug|Any CPU.ActiveCfg = Debug|Any CPU
		{84DF299D-89F2-40FC-9C47-EF45CF06BAA1}.Debug|Any CPU.Build.0 = Debug|Any CPU
		{84DF299D-89F2-40FC-9C47-EF45CF06BAA1}.Release|Any CPU.ActiveCfg = Release|Any CPU
		{84DF299D-89F2-40FC-9C47-EF45CF06BAA1}.Release|Any CPU.Build.0 = Release|Any CPU
		{DF09FA41-EC88-4AD6-8E59-377E6122A901}.Debug|Any CPU.ActiveCfg = Debug|Any CPU
		{DF09FA41-EC88-4AD6-8E59-377E6122A901}.Debug|Any CPU.Build.0 = Debug|Any CPU
		{DF09FA41-EC88-4AD6-8E59-377E6122A901}.Release|Any CPU.ActiveCfg = Release|Any CPU
		{DF09FA41-EC88-4AD6-8E59-377E6122A901}.Release|Any CPU.Build.0 = Release|Any CPU
		{D413B39B-88FD-41E2-9CF6-ADABA3E6E4BE}.Debug|Any CPU.ActiveCfg = Debug|Any CPU
		{D413B39B-88FD-41E2-9CF6-ADABA3E6E4BE}.Debug|Any CPU.Build.0 = Debug|Any CPU
		{D413B39B-88FD-41E2-9CF6-ADABA3E6E4BE}.Release|Any CPU.ActiveCfg = Release|Any CPU
		{D413B39B-88FD-41E2-9CF6-ADABA3E6E4BE}.Release|Any CPU.Build.0 = Release|Any CPU
	EndGlobalSection
	GlobalSection(SolutionProperties) = preSolution
		HideSolutionNode = FALSE
	EndGlobalSection
	GlobalSection(NestedProjects) = preSolution
		{D413B39B-88FD-41E2-9CF6-ADABA3E6E4BE} = {8B632059-BA40-4400-9C34-70578D7A7C89}
	EndGlobalSection
	GlobalSection(ExtensibilityGlobals) = postSolution
		SolutionGuid = {D9FB3C00-D607-44CC-A74C-27330F770F42}
	EndGlobalSection
EndGlobal
